{
  "name": "bim-viewer-im-vocabulary",
  "lockfileVersion": 3,
  "requires": true,
  "packages": {
    "": {
      "dependencies": {
        "@mistralai/mistralai": "^1.6.0",
        "dotenv": "^16.5.0"
      }
    },
    "node_modules/@mistralai/mistralai": {
      "version": "1.6.0",
      "resolved": "https://registry.npmjs.org/@mistralai/mistralai/-/mistralai-1.6.0.tgz",
      "integrity": "sha512-PQwGV3+n7FbE7Dp3Vnd8DAa3ffx6WuVV966Gfmf4QvzwcO3Mvxpz0SnJ/PjaZcsCwApBCZpNyQzvarAKEQLKeQ==",
      "dependencies": {
        "zod-to-json-schema": "^3.24.1"
      },
      "peerDependencies": {
        "zod": ">= 3"
      }
    },
    "node_modules/dotenv": {
      "version": "16.5.0",
      "resolved": "https://registry.npmjs.org/dotenv/-/dotenv-16.5.0.tgz",
      "integrity": "sha512-m/C+AwOAr9/W1UOIZUo232ejMNnJAJtYQjUbHoNTBNTJSvqzzDh7vnrei3o3r3m9blf6ZoDkvcw0VmozNRFJxg==",
      "engines": {
        "node": ">=12"
      },
      "funding": {
        "url": "https://dotenvx.com"
      }
    },
    "node_modules/zod": {
      "version": "3.24.3",
      "resolved": "https://registry.npmjs.org/zod/-/zod-3.24.3.tgz",
      "integrity": "sha512-HhY1oqzWCQWuUqvBFnsyrtZRhyPeR7SUGv+C4+MsisMuVfSPx8HpwWqH8tRahSlt6M3PiFAcoeFhZAqIXTxoSg==",
      "peer": true,
      "funding": {
        "url": "https://github.com/sponsors/colinhacks"
      }
    },
    "node_modules/zod-to-json-schema": {
      "version": "3.24.5",
      "resolved": "https://registry.npmjs.org/zod-to-json-schema/-/zod-to-json-schema-3.24.5.tgz",
      "integrity": "sha512-/AuWwMP+YqiPbsJx5D6TfgRTc4kTLjsh5SOcd4bLsfUg2RcEXrFMJl1DGgdHy2aCfsIA/cr/1JM0xcB2GZji8g==",
      "peerDependencies": {
        "zod": "^3.24.1"
      }
    }
  }
}
